{
  "object": {
    "pins": [
      {
        "package": "swift-argument-parser",
        "repositoryURL": "https://github.com/apple/swift-argument-parser",
        "state": {
          "branch": null,
          "revision": "9f04d1ff1afbccd02279338a2c91e5f27c45e93a",
          "version": "0.0.5"
        }
      },
      {
        "package": "SwiftIndexStore",
        "repositoryURL": "https://github.com/kateinoigakukun/swift-indexstore",
        "state": {
          "branch": null,
          "revision": "7e9bcef858509b62cf3a23bada0bc107cec0624f",
          "version": "0.1.0"
        }
      }
    ]
  },
  "version": 1
}
