{
  "object": {
    "pins": [
      {
        "package": "swift-argument-parser",
        "repositoryURL": "https://github.com/apple/swift-argument-parser",
        "state": {
          "branch": null,
          "revision": "9f04d1ff1afbccd02279338a2c91e5f27c45e93a",
          "version": "0.0.5"
        }
      },
      {
        "package": "SwiftIndexStore",
        "repositoryURL": "https://github.com/kateinoigakukun/swift-indexstore",
        "state": {
          "branch": "master",
          "revision": "b20fc8eec8225e69a0c816b5881828e862f3a118",
          "version": null
        }
      }
    ]
  },
  "version": 1
}
